
Microsoft Visual Studio Solution File, Format Version 12.00
# Visual Studio Version 17
VisualStudioVersion = 17.9.34622.214
MinimumVisualStudioVersion = 10.0.40219.1
Project("{FAE04EC0-301F-11D3-BF4B-00C04F79EFBC}") = "ContactsManager App", "ContactsManager App\ContactsManager App.csproj", "{6BE178CB-1A86-4A28-88BD-C3A523F63DF9}"
EndProject
Project("{FAE04EC0-301F-11D3-BF4B-00C04F79EFBC}") = "CRUDTests", "CRUDTests\CRUDTests.csproj", "{4474EA5F-DBD8-4A0B-BE3A-FEA3A7427978}"
EndProject
Project("{FAE04EC0-301F-11D3-BF4B-00C04F79EFBC}") = "Entities", "Entities\Entities.csproj", "{164DA641-900A-4681-88D7-CF32ABB40767}"
EndProject
Project("{FAE04EC0-301F-11D3-BF4B-00C04F79EFBC}") = "ServiceContracts", "ServiceContracts\ServiceContracts.csproj", "{AEB0F1E5-6700-4B28-A2D9-D61E7DC1C8CE}"
EndProject
Project("{FAE04EC0-301F-11D3-BF4B-00C04F79EFBC}") = "Services", "Services\Services.csproj", "{542E5BE5-733C-4F14-A6B8-A454731DA307}"
EndProject
Global
	GlobalSection(SolutionConfigurationPlatforms) = preSolution
		Debug|Any CPU = Debug|Any CPU
		Release|Any CPU = Release|Any CPU
	EndGlobalSection
	GlobalSection(ProjectConfigurationPlatforms) = postSolution
		{6BE178CB-1A86-4A28-88BD-C3A523F63DF9}.Debug|Any CPU.ActiveCfg = Debug|Any CPU
		{6BE178CB-1A86-4A28-88BD-C3A523F63DF9}.Debug|Any CPU.Build.0 = Debug|Any CPU
		{6BE178CB-1A86-4A28-88BD-C3A523F63DF9}.Release|Any CPU.ActiveCfg = Release|Any CPU
		{6BE178CB-1A86-4A28-88BD-C3A523F63DF9}.Release|Any CPU.Build.0 = Release|Any CPU
		{4474EA5F-DBD8-4A0B-BE3A-FEA3A7427978}.Debug|Any CPU.ActiveCfg = Debug|Any CPU
		{4474EA5F-DBD8-4A0B-BE3A-FEA3A7427978}.Debug|Any CPU.Build.0 = Debug|Any CPU
		{4474EA5F-DBD8-4A0B-BE3A-FEA3A7427978}.Release|Any CPU.ActiveCfg = Release|Any CPU
		{4474EA5F-DBD8-4A0B-BE3A-FEA3A7427978}.Release|Any CPU.Build.0 = Release|Any CPU
		{164DA641-900A-4681-88D7-CF32ABB40767}.Debug|Any CPU.ActiveCfg = Debug|Any CPU
		{164DA641-900A-4681-88D7-CF32ABB40767}.Debug|Any CPU.Build.0 = Debug|Any CPU
		{164DA641-900A-4681-88D7-CF32ABB40767}.Release|Any CPU.ActiveCfg = Release|Any CPU
		{164DA641-900A-4681-88D7-CF32ABB40767}.Release|Any CPU.Build.0 = Release|Any CPU
		{AEB0F1E5-6700-4B28-A2D9-D61E7DC1C8CE}.Debug|Any CPU.ActiveCfg = Debug|Any CPU
		{AEB0F1E5-6700-4B28-A2D9-D61E7DC1C8CE}.Debug|Any CPU.Build.0 = Debug|Any CPU
		{AEB0F1E5-6700-4B28-A2D9-D61E7DC1C8CE}.Release|Any CPU.ActiveCfg = Release|Any CPU
		{AEB0F1E5-6700-4B28-A2D9-D61E7DC1C8CE}.Release|Any CPU.Build.0 = Release|Any CPU
		{542E5BE5-733C-4F14-A6B8-A454731DA307}.Debug|Any CPU.ActiveCfg = Debug|Any CPU
		{542E5BE5-733C-4F14-A6B8-A454731DA307}.Debug|Any CPU.Build.0 = Debug|Any CPU
		{542E5BE5-733C-4F14-A6B8-A454731DA307}.Release|Any CPU.ActiveCfg = Release|Any CPU
		{542E5BE5-733C-4F14-A6B8-A454731DA307}.Release|Any CPU.Build.0 = Release|Any CPU
	EndGlobalSection
	GlobalSection(SolutionProperties) = preSolution
		HideSolutionNode = FALSE
	EndGlobalSection
	GlobalSection(ExtensibilityGlobals) = postSolution
		SolutionGuid = {F11B6759-0742-4B2C-8440-CB6517F3FA7F}
	EndGlobalSection
EndGlobal
